// !$*UTF8*$!
{
	archiveVersion = 1;
	classes = {
	};
	objectVersion = 50;
	objects = {

/* Begin PBXBuildFile section */
		A5BBC539214F6FA500529B2B /* AppDelegate.swift in Sources */ = {isa = PBXBuildFile; fileRef = A5BBC538214F6FA500529B2B /* AppDelegate.swift */; };
		A5BBC53B214F6FA500529B2B /* ViewController.swift in Sources */ = {isa = PBXBuildFile; fileRef = A5BBC53A214F6FA500529B2B /* ViewController.swift */; };
		A5BBC53E214F6FA500529B2B /* Main.storyboard in Resources */ = {isa = PBXBuildFile; fileRef = A5BBC53C214F6FA500529B2B /* Main.storyboard */; };
		A5BBC540214F6FAB00529B2B /* Assets.xcassets in Resources */ = {isa = PBXBuildFile; fileRef = A5BBC53F214F6FAB00529B2B /* Assets.xcassets */; };
		A5BBC543214F6FAB00529B2B /* LaunchScreen.storyboard in Resources */ = {isa = PBXBuildFile; fileRef = A5BBC541214F6FAB00529B2B /* LaunchScreen.storyboard */; };
		A5BBC54E214F6FAC00529B2B /* RealmTodoTests.swift in Sources */ = {isa = PBXBuildFile; fileRef = A5BBC54D214F6FAC00529B2B /* RealmTodoTests.swift */; };
		A5BBC559214F6FAC00529B2B /* RealmTodoUITests.swift in Sources */ = {isa = PBXBuildFile; fileRef = A5BBC558214F6FAC00529B2B /* RealmTodoUITests.swift */; };
/* End PBXBuildFile section */

/* Begin PBXContainerItemProxy section */
		A5BBC54A214F6FAC00529B2B /* PBXContainerItemProxy */ = {
			isa = PBXContainerItemProxy;
			containerPortal = A5BBC52D214F6FA500529B2B /* Project object */;
			proxyType = 1;
			remoteGlobalIDString = A5BBC534214F6FA500529B2B;
			remoteInfo = RealmTodo;
		};
		A5BBC555214F6FAC00529B2B /* PBXContainerItemProxy */ = {
			isa = PBXContainerItemProxy;
			containerPortal = A5BBC52D214F6FA500529B2B /* Project object */;
			proxyType = 1;
			remoteGlobalIDString = A5BBC534214F6FA500529B2B;
			remoteInfo = RealmTodo;
		};
/* End PBXContainerItemProxy section */

/* Begin PBXFileReference section */
		A5BBC535214F6FA500529B2B /* RealmTodo.app */ = {isa = PBXFileReference; explicitFileType = wrapper.application; includeInIndex = 0; path = RealmTodo.app; sourceTree = BUILT_PRODUCTS_DIR; };
		A5BBC538214F6FA500529B2B /* AppDelegate.swift */ = {isa = PBXFileReference; lastKnownFileType = sourcecode.swift; path = AppDelegate.swift; sourceTree = "<group>"; };
		A5BBC53A214F6FA500529B2B /* ViewController.swift */ = {isa = PBXFileReference; lastKnownFileType = sourcecode.swift; path = ViewController.swift; sourceTree = "<group>"; };
		A5BBC53D214F6FA500529B2B /* Base */ = {isa = PBXFileReference; lastKnownFileType = file.storyboard; name = Base; path = Base.lproj/Main.storyboard; sourceTree = "<group>"; };
		A5BBC53F214F6FAB00529B2B /* Assets.xcassets */ = {isa = PBXFileReference; lastKnownFileType = folder.assetcatalog; path = Assets.xcassets; sourceTree = "<group>"; };
		A5BBC542214F6FAB00529B2B /* Base */ = {isa = PBXFileReference; lastKnownFileType = file.storyboard; name = Base; path = Base.lproj/LaunchScreen.storyboard; sourceTree = "<group>"; };
		A5BBC544214F6FAC00529B2B /* Info.plist */ = {isa = PBXFileReference; lastKnownFileType = text.plist.xml; path = Info.plist; sourceTree = "<group>"; };
		A5BBC549214F6FAC00529B2B /* RealmTodoTests.xctest */ = {isa = PBXFileReference; explicitFileType = wrapper.cfbundle; includeInIndex = 0; path = RealmTodoTests.xctest; sourceTree = BUILT_PRODUCTS_DIR; };
		A5BBC54D214F6FAC00529B2B /* RealmTodoTests.swift */ = {isa = PBXFileReference; lastKnownFileType = sourcecode.swift; path = RealmTodoTests.swift; sourceTree = "<group>"; };
		A5BBC54F214F6FAC00529B2B /* Info.plist */ = {isa = PBXFileReference; lastKnownFileType = text.plist.xml; path = Info.plist; sourceTree = "<group>"; };
		A5BBC554214F6FAC00529B2B /* RealmTodoUITests.xctest */ = {isa = PBXFileReference; explicitFileType = wrapper.cfbundle; includeInIndex = 0; path = RealmTodoUITests.xctest; sourceTree = BUILT_PRODUCTS_DIR; };
		A5BBC558214F6FAC00529B2B /* RealmTodoUITests.swift */ = {isa = PBXFileReference; lastKnownFileType = sourcecode.swift; path = RealmTodoUITests.swift; sourceTree = "<group>"; };
		A5BBC55A214F6FAC00529B2B /* Info.plist */ = {isa = PBXFileReference; lastKnownFileType = text.plist.xml; path = Info.plist; sourceTree = "<group>"; };
/* End PBXFileReference section */

/* Begin PBXFrameworksBuildPhase section */
		A5BBC532214F6FA500529B2B /* Frameworks */ = {
			isa = PBXFrameworksBuildPhase;
			buildActionMask = 2147483647;
			files = (
			);
			runOnlyForDeploymentPostprocessing = 0;
		};
		A5BBC546214F6FAC00529B2B /* Frameworks */ = {
			isa = PBXFrameworksBuildPhase;
			buildActionMask = 2147483647;
			files = (
			);
			runOnlyForDeploymentPostprocessing = 0;
		};
		A5BBC551214F6FAC00529B2B /* Frameworks */ = {
			isa = PBXFrameworksBuildPhase;
			buildActionMask = 2147483647;
			files = (
			);
			runOnlyForDeploymentPostprocessing = 0;
		};
/* End PBXFrameworksBuildPhase section */

/* Begin PBXGroup section */
		A5BBC52C214F6FA500529B2B = {
			isa = PBXGroup;
			children = (
				A5BBC537214F6FA500529B2B /* RealmTodo */,
				A5BBC54C214F6FAC00529B2B /* RealmTodoTests */,
				A5BBC557214F6FAC00529B2B /* RealmTodoUITests */,
				A5BBC536214F6FA500529B2B /* Products */,
			);
			sourceTree = "<group>";
		};
		A5BBC536214F6FA500529B2B /* Products */ = {
			isa = PBXGroup;
			children = (
				A5BBC535214F6FA500529B2B /* RealmTodo.app */,
				A5BBC549214F6FAC00529B2B /* RealmTodoTests.xctest */,
				A5BBC554214F6FAC00529B2B /* RealmTodoUITests.xctest */,
			);
			name = Products;
			sourceTree = "<group>";
		};
		A5BBC537214F6FA500529B2B /* RealmTodo */ = {
			isa = PBXGroup;
			children = (
				A5BBC538214F6FA500529B2B /* AppDelegate.swift */,
				A5BBC53A214F6FA500529B2B /* ViewController.swift */,
				A5BBC53C214F6FA500529B2B /* Main.storyboard */,
				A5BBC53F214F6FAB00529B2B /* Assets.xcassets */,
				A5BBC541214F6FAB00529B2B /* LaunchScreen.storyboard */,
				A5BBC544214F6FAC00529B2B /* Info.plist */,
			);
			path = RealmTodo;
			sourceTree = "<group>";
		};
		A5BBC54C214F6FAC00529B2B /* RealmTodoTests */ = {
			isa = PBXGroup;
			children = (
				A5BBC54D214F6FAC00529B2B /* RealmTodoTests.swift */,
				A5BBC54F214F6FAC00529B2B /* Info.plist */,
			);
			path = RealmTodoTests;
			sourceTree = "<group>";
		};
		A5BBC557214F6FAC00529B2B /* RealmTodoUITests */ = {
			isa = PBXGroup;
			children = (
				A5BBC558214F6FAC00529B2B /* RealmTodoUITests.swift */,
				A5BBC55A214F6FAC00529B2B /* Info.plist */,
			);
			path = RealmTodoUITests;
			sourceTree = "<group>";
		};
/* End PBXGroup section */

/* Begin PBXNativeTarget section */
		A5BBC534214F6FA500529B2B /* RealmTodo */ = {
			isa = PBXNativeTarget;
			buildConfigurationList = A5BBC55D214F6FAC00529B2B /* Build configuration list for PBXNativeTarget "RealmTodo" */;
			buildPhases = (
				A5BBC531214F6FA500529B2B /* Sources */,
				A5BBC532214F6FA500529B2B /* Frameworks */,
				A5BBC533214F6FA500529B2B /* Resources */,
			);
			buildRules = (
			);
			dependencies = (
			);
			name = RealmTodo;
			productName = RealmTodo;
			productReference = A5BBC535214F6FA500529B2B /* RealmTodo.app */;
			productType = "com.apple.product-type.application";
		};
		A5BBC548214F6FAC00529B2B /* RealmTodoTests */ = {
			isa = PBXNativeTarget;
			buildConfigurationList = A5BBC560214F6FAC00529B2B /* Build configuration list for PBXNativeTarget "RealmTodoTests" */;
			buildPhases = (
				A5BBC545214F6FAC00529B2B /* Sources */,
				A5BBC546214F6FAC00529B2B /* Frameworks */,
				A5BBC547214F6FAC00529B2B /* Resources */,
			);
			buildRules = (
			);
			dependencies = (
				A5BBC54B214F6FAC00529B2B /* PBXTargetDependency */,
			);
			name = RealmTodoTests;
			productName = RealmTodoTests;
			productReference = A5BBC549214F6FAC00529B2B /* RealmTodoTests.xctest */;
			productType = "com.apple.product-type.bundle.unit-test";
		};
		A5BBC553214F6FAC00529B2B /* RealmTodoUITests */ = {
			isa = PBXNativeTarget;
			buildConfigurationList = A5BBC563214F6FAC00529B2B /* Build configuration list for PBXNativeTarget "RealmTodoUITests" */;
			buildPhases = (
				A5BBC550214F6FAC00529B2B /* Sources */,
				A5BBC551214F6FAC00529B2B /* Frameworks */,
				A5BBC552214F6FAC00529B2B /* Resources */,
			);
			buildRules = (
			);
			dependencies = (
				A5BBC556214F6FAC00529B2B /* PBXTargetDependency */,
			);
			name = RealmTodoUITests;
			productName = RealmTodoUITests;
			productReference = A5BBC554214F6FAC00529B2B /* RealmTodoUITests.xctest */;
			productType = "com.apple.product-type.bundle.ui-testing";
		};
/* End PBXNativeTarget section */

/* Begin PBXProject section */
		A5BBC52D214F6FA500529B2B /* Project object */ = {
			isa = PBXProject;
			attributes = {
				LastSwiftUpdateCheck = 0930;
				LastUpgradeCheck = 0930;
				ORGANIZATIONNAME = "岸下和樹";
				TargetAttributes = {
					A5BBC534214F6FA500529B2B = {
						CreatedOnToolsVersion = 9.3;
					};
					A5BBC548214F6FAC00529B2B = {
						CreatedOnToolsVersion = 9.3;
						TestTargetID = A5BBC534214F6FA500529B2B;
					};
					A5BBC553214F6FAC00529B2B = {
						CreatedOnToolsVersion = 9.3;
						TestTargetID = A5BBC534214F6FA500529B2B;
					};
				};
			};
			buildConfigurationList = A5BBC530214F6FA500529B2B /* Build configuration list for PBXProject "RealmTodo" */;
			compatibilityVersion = "Xcode 9.3";
			developmentRegion = en;
			hasScannedForEncodings = 0;
			knownRegions = (
				en,
				Base,
			);
			mainGroup = A5BBC52C214F6FA500529B2B;
			productRefGroup = A5BBC536214F6FA500529B2B /* Products */;
			projectDirPath = "";
			projectRoot = "";
			targets = (
				A5BBC534214F6FA500529B2B /* RealmTodo */,
				A5BBC548214F6FAC00529B2B /* RealmTodoTests */,
				A5BBC553214F6FAC00529B2B /* RealmTodoUITests */,
			);
		};
/* End PBXProject section */

/* Begin PBXResourcesBuildPhase section */
		A5BBC533214F6FA500529B2B /* Resources */ = {
			isa = PBXResourcesBuildPhase;
			buildActionMask = 2147483647;
			files = (
				A5BBC543214F6FAB00529B2B /* LaunchScreen.storyboard in Resources */,
				A5BBC540214F6FAB00529B2B /* Assets.xcassets in Resources */,
				A5BBC53E214F6FA500529B2B /* Main.storyboard in Resources */,
			);
			runOnlyForDeploymentPostprocessing = 0;
		};
		A5BBC547214F6FAC00529B2B /* Resources */ = {
			isa = PBXResourcesBuildPhase;
			buildActionMask = 2147483647;
			files = (
			);
			runOnlyForDeploymentPostprocessing = 0;
		};
		A5BBC552214F6FAC00529B2B /* Resources */ = {
			isa = PBXResourcesBuildPhase;
			buildActionMask = 2147483647;
			files = (
			);
			runOnlyForDeploymentPostprocessing = 0;
		};
/* End PBXResourcesBuildPhase section */

/* Begin PBXSourcesBuildPhase section */
		A5BBC531214F6FA500529B2B /* Sources */ = {
			isa = PBXSourcesBuildPhase;
			buildActionMask = 2147483647;
			files = (
				A5BBC53B214F6FA500529B2B /* ViewController.swift in Sources */,
				A5BBC539214F6FA500529B2B /* AppDelegate.swift in Sources */,
			);
			runOnlyForDeploymentPostprocessing = 0;
		};
		A5BBC545214F6FAC00529B2B /* Sources */ = {
			isa = PBXSourcesBuildPhase;
			buildActionMask = 2147483647;
			files = (
				A5BBC54E214F6FAC00529B2B /* RealmTodoTests.swift in Sources */,
			);
			runOnlyForDeploymentPostprocessing = 0;
		};
		A5BBC550214F6FAC00529B2B /* Sources */ = {
			isa = PBXSourcesBuildPhase;
			buildActionMask = 2147483647;
			files = (
				A5BBC559214F6FAC00529B2B /* RealmTodoUITests.swift in Sources */,
			);
			runOnlyForDeploymentPostprocessing = 0;
		};
/* End PBXSourcesBuildPhase section */

/* Begin PBXTargetDependency section */
		A5BBC54B214F6FAC00529B2B /* PBXTargetDependency */ = {
			isa = PBXTargetDependency;
			target = A5BBC534214F6FA500529B2B /* RealmTodo */;
			targetProxy = A5BBC54A214F6FAC00529B2B /* PBXContainerItemProxy */;
		};
		A5BBC556214F6FAC00529B2B /* PBXTargetDependency */ = {
			isa = PBXTargetDependency;
			target = A5BBC534214F6FA500529B2B /* RealmTodo */;
			targetProxy = A5BBC555214F6FAC00529B2B /* PBXContainerItemProxy */;
		};
/* End PBXTargetDependency section */

/* Begin PBXVariantGroup section */
		A5BBC53C214F6FA500529B2B /* Main.storyboard */ = {
			isa = PBXVariantGroup;
			children = (
				A5BBC53D214F6FA500529B2B /* Base */,
			);
			name = Main.storyboard;
			sourceTree = "<group>";
		};
		A5BBC541214F6FAB00529B2B /* LaunchScreen.storyboard */ = {
			isa = PBXVariantGroup;
			children = (
				A5BBC542214F6FAB00529B2B /* Base */,
			);
			name = LaunchScreen.storyboard;
			sourceTree = "<group>";
		};
/* End PBXVariantGroup section */

/* Begin XCBuildConfiguration section */
		A5BBC55B214F6FAC00529B2B /* Debug */ = {
			isa = XCBuildConfiguration;
			buildSettings = {
				ALWAYS_SEARCH_USER_PATHS = NO;
				CLANG_ANALYZER_NONNULL = YES;
				CLANG_ANALYZER_NUMBER_OBJECT_CONVERSION = YES_AGGRESSIVE;
				CLANG_CXX_LANGUAGE_STANDARD = "gnu++14";
				CLANG_CXX_LIBRARY = "libc++";
				CLANG_ENABLE_MODULES = YES;
				CLANG_ENABLE_OBJC_ARC = YES;
				CLANG_ENABLE_OBJC_WEAK = YES;
				CLANG_WARN_BLOCK_CAPTURE_AUTORELEASING = YES;
				CLANG_WARN_BOOL_CONVERSION = YES;
				CLANG_WARN_COMMA = YES;
				CLANG_WARN_CONSTANT_CONVERSION = YES;
				CLANG_WARN_DEPRECATED_OBJC_IMPLEMENTATIONS = YES;
				CLANG_WARN_DIRECT_OBJC_ISA_USAGE = YES_ERROR;
				CLANG_WARN_DOCUMENTATION_COMMENTS = YES;
				CLANG_WARN_EMPTY_BODY = YES;
				CLANG_WARN_ENUM_CONVERSION = YES;
				CLANG_WARN_INFINITE_RECURSION = YES;
				CLANG_WARN_INT_CONVERSION = YES;
				CLANG_WARN_NON_LITERAL_NULL_CONVERSION = YES;
				CLANG_WARN_OBJC_IMPLICIT_RETAIN_SELF = YES;
				CLANG_WARN_OBJC_LITERAL_CONVERSION = YES;
				CLANG_WARN_OBJC_ROOT_CLASS = YES_ERROR;
				CLANG_WARN_RANGE_LOOP_ANALYSIS = YES;
				CLANG_WARN_STRICT_PROTOTYPES = YES;
				CLANG_WARN_SUSPICIOUS_MOVE = YES;
				CLANG_WARN_UNGUARDED_AVAILABILITY = YES_AGGRESSIVE;
				CLANG_WARN_UNREACHABLE_CODE = YES;
				CLANG_WARN__DUPLICATE_METHOD_MATCH = YES;
				CODE_SIGN_IDENTITY = "iPhone Developer";
				COPY_PHASE_STRIP = NO;
				DEBUG_INFORMATION_FORMAT = dwarf;
				ENABLE_STRICT_OBJC_MSGSEND = YES;
				ENABLE_TESTABILITY = YES;
				GCC_C_LANGUAGE_STANDARD = gnu11;
				GCC_DYNAMIC_NO_PIC = NO;
				GCC_NO_COMMON_BLOCKS = YES;
				GCC_OPTIMIZATION_LEVEL = 0;
				GCC_PREPROCESSOR_DEFINITIONS = (
					"DEBUG=1",
					"$(inherited)",
				);
				GCC_WARN_64_TO_32_BIT_CONVERSION = YES;
				GCC_WARN_ABOUT_RETURN_TYPE = YES_ERROR;
				GCC_WARN_UNDECLARED_SELECTOR = YES;
				GCC_WARN_UNINITIALIZED_AUTOS = YES_AGGRESSIVE;
				GCC_WARN_UNUSED_FUNCTION = YES;
				GCC_WARN_UNUSED_VARIABLE = YES;
				IPHONEOS_DEPLOYMENT_TARGET = 11.3;
				MTL_ENABLE_DEBUG_INFO = YES;
				ONLY_ACTIVE_ARCH = YES;
				SDKROOT = iphoneos;
				SWIFT_ACTIVE_COMPILATION_CONDITIONS = DEBUG;
				SWIFT_OPTIMIZATION_LEVEL = "-Onone";
			};
			name = Debug;
		};
		A5BBC55C214F6FAC00529B2B /* Release */ = {
			isa = XCBuildConfiguration;
			buildSettings = {
				ALWAYS_SEARCH_USER_PATHS = NO;
				CLANG_ANALYZER_NONNULL = YES;
				CLANG_ANALYZER_NUMBER_OBJECT_CONVERSION = YES_AGGRESSIVE;
				CLANG_CXX_LANGUAGE_STANDARD = "gnu++14";
				CLANG_CXX_LIBRARY = "libc++";
				CLANG_ENABLE_MODULES = YES;
				CLANG_ENABLE_OBJC_ARC = YES;
				CLANG_ENABLE_OBJC_WEAK = YES;
				CLANG_WARN_BLOCK_CAPTURE_AUTORELEASING = YES;
				CLANG_WARN_BOOL_CONVERSION = YES;
				CLANG_WARN_COMMA = YES;
				CLANG_WARN_CONSTANT_CONVERSION = YES;
				CLANG_WARN_DEPRECATED_OBJC_IMPLEMENTATIONS = YES;
				CLANG_WARN_DIRECT_OBJC_ISA_USAGE = YES_ERROR;
				CLANG_WARN_DOCUMENTATION_COMMENTS = YES;
				CLANG_WARN_EMPTY_BODY = YES;
				CLANG_WARN_ENUM_CONVERSION = YES;
				CLANG_WARN_INFINITE_RECURSION = YES;
				CLANG_WARN_INT_CONVERSION = YES;
				CLANG_WARN_NON_LITERAL_NULL_CONVERSION = YES;
				CLANG_WARN_OBJC_IMPLICIT_RETAIN_SELF = YES;
				CLANG_WARN_OBJC_LITERAL_CONVERSION = YES;
				CLANG_WARN_OBJC_ROOT_CLASS = YES_ERROR;
				CLANG_WARN_RANGE_LOOP_ANALYSIS = YES;
				CLANG_WARN_STRICT_PROTOTYPES = YES;
				CLANG_WARN_SUSPICIOUS_MOVE = YES;
				CLANG_WARN_UNGUARDED_AVAILABILITY = YES_AGGRESSIVE;
				CLANG_WARN_UNREACHABLE_CODE = YES;
				CLANG_WARN__DUPLICATE_METHOD_MATCH = YES;
				CODE_SIGN_IDENTITY = "iPhone Developer";
				COPY_PHASE_STRIP = NO;
				DEBUG_INFORMATION_FORMAT = "dwarf-with-dsym";
				ENABLE_NS_ASSERTIONS = NO;
				ENABLE_STRICT_OBJC_MSGSEND = YES;
				GCC_C_LANGUAGE_STANDARD = gnu11;
				GCC_NO_COMMON_BLOCKS = YES;
				GCC_WARN_64_TO_32_BIT_CONVERSION = YES;
				GCC_WARN_ABOUT_RETURN_TYPE = YES_ERROR;
				GCC_WARN_UNDECLARED_SELECTOR = YES;
				GCC_WARN_UNINITIALIZED_AUTOS = YES_AGGRESSIVE;
				GCC_WARN_UNUSED_FUNCTION = YES;
				GCC_WARN_UNUSED_VARIABLE = YES;
				IPHONEOS_DEPLOYMENT_TARGET = 11.3;
				MTL_ENABLE_DEBUG_INFO = NO;
				SDKROOT = iphoneos;
				SWIFT_COMPILATION_MODE = wholemodule;
				SWIFT_OPTIMIZATION_LEVEL = "-O";
				VALIDATE_PRODUCT = YES;
			};
			name = Release;
		};
		A5BBC55E214F6FAC00529B2B /* Debug */ = {
			isa = XCBuildConfiguration;
			buildSettings = {
				ASSETCATALOG_COMPILER_APPICON_NAME = AppIcon;
				CODE_SIGN_STYLE = Automatic;
				DEVELOPMENT_TEAM = 62KB7N96UA;
				INFOPLIST_FILE = RealmTodo/Info.plist;
				LD_RUNPATH_SEARCH_PATHS = (
					"$(inherited)",
					"@executable_path/Frameworks",
				);
				PRODUCT_BUNDLE_IDENTIFIER = com.gmail.kazuki.RealmTodo;
				PRODUCT_NAME = "$(TARGET_NAME)";
				SWIFT_VERSION = 4.0;
				TARGETED_DEVICE_FAMILY = "1,2";
			};
			name = Debug;
		};
		A5BBC55F214F6FAC00529B2B /* Release */ = {
			isa = XCBuildConfiguration;
			buildSettings = {
				ASSETCATALOG_COMPILER_APPICON_NAME = AppIcon;
				CODE_SIGN_STYLE = Automatic;
				DEVELOPMENT_TEAM = 62KB7N96UA;
				INFOPLIST_FILE = RealmTodo/Info.plist;
				LD_RUNPATH_SEARCH_PATHS = (
					"$(inherited)",
					"@executable_path/Frameworks",
				);
				PRODUCT_BUNDLE_IDENTIFIER = com.gmail.kazuki.RealmTodo;
				PRODUCT_NAME = "$(TARGET_NAME)";
				SWIFT_VERSION = 4.0;
				TARGETED_DEVICE_FAMILY = "1,2";
			};
			name = Release;
		};
		A5BBC561214F6FAC00529B2B /* Debug */ = {
			isa = XCBuildConfiguration;
			buildSettings = {
				ALWAYS_EMBED_SWIFT_STANDARD_LIBRARIES = YES;
				BUNDLE_LOADER = "$(TEST_HOST)";
				CODE_SIGN_STYLE = Automatic;
				DEVELOPMENT_TEAM = 62KB7N96UA;
				INFOPLIST_FILE = RealmTodoTests/Info.plist;
				LD_RUNPATH_SEARCH_PATHS = (
					"$(inherited)",
					"@executable_path/Frameworks",
					"@loader_path/Frameworks",
				);
				PRODUCT_BUNDLE_IDENTIFIER = com.gmail.kazuki.RealmTodoTests;
				PRODUCT_NAME = "$(TARGET_NAME)";
				SWIFT_VERSION = 4.0;
				TARGETED_DEVICE_FAMILY = "1,2";
				TEST_HOST = "$(BUILT_PRODUCTS_DIR)/RealmTodo.app/RealmTodo";
			};
			name = Debug;
		};
		A5BBC562214F6FAC00529B2B /* Release */ = {
			isa = XCBuildConfiguration;
			buildSettings = {
				ALWAYS_EMBED_SWIFT_STANDARD_LIBRARIES = YES;
				BUNDLE_LOADER = "$(TEST_HOST)";
				CODE_SIGN_STYLE = Automatic;
				DEVELOPMENT_TEAM = 62KB7N96UA;
				INFOPLIST_FILE = RealmTodoTests/Info.plist;
				LD_RUNPATH_SEARCH_PATHS = (
					"$(inherited)",
					"@executable_path/Frameworks",
					"@loader_path/Frameworks",
				);
				PRODUCT_BUNDLE_IDENTIFIER = com.gmail.kazuki.RealmTodoTests;
				PRODUCT_NAME = "$(TARGET_NAME)";
				SWIFT_VERSION = 4.0;
				TARGETED_DEVICE_FAMILY = "1,2";
				TEST_HOST = "$(BUILT_PRODUCTS_DIR)/RealmTodo.app/RealmTodo";
			};
			name = Release;
		};
		A5BBC564214F6FAC00529B2B /* Debug */ = {
			isa = XCBuildConfiguration;
			buildSettings = {
				ALWAYS_EMBED_SWIFT_STANDARD_LIBRARIES = YES;
				CODE_SIGN_STYLE = Automatic;
				DEVELOPMENT_TEAM = 62KB7N96UA;
				INFOPLIST_FILE = RealmTodoUITests/Info.plist;
				LD_RUNPATH_SEARCH_PATHS = (
					"$(inherited)",
					"@executable_path/Frameworks",
					"@loader_path/Frameworks",
				);
				PRODUCT_BUNDLE_IDENTIFIER = com.gmail.kazuki.RealmTodoUITests;
				PRODUCT_NAME = "$(TARGET_NAME)";
				SWIFT_VERSION = 4.0;
				TARGETED_DEVICE_FAMILY = "1,2";
				TEST_TARGET_NAME = RealmTodo;
			};
			name = Debug;
		};
		A5BBC565214F6FAC00529B2B /* Release */ = {
			isa = XCBuildConfiguration;
			buildSettings = {
				ALWAYS_EMBED_SWIFT_STANDARD_LIBRARIES = YES;
				CODE_SIGN_STYLE = Automatic;
				DEVELOPMENT_TEAM = 62KB7N96UA;
				INFOPLIST_FILE = RealmTodoUITests/Info.plist;
				LD_RUNPATH_SEARCH_PATHS = (
					"$(inherited)",
					"@executable_path/Frameworks",
					"@loader_path/Frameworks",
				);
				PRODUCT_BUNDLE_IDENTIFIER = com.gmail.kazuki.RealmTodoUITests;
				PRODUCT_NAME = "$(TARGET_NAME)";
				SWIFT_VERSION = 4.0;
				TARGETED_DEVICE_FAMILY = "1,2";
				TEST_TARGET_NAME = RealmTodo;
			};
			name = Release;
		};
/* End XCBuildConfiguration section */

/* Begin XCConfigurationList section */
		A5BBC530214F6FA500529B2B /* Build configuration list for PBXProject "RealmTodo" */ = {
			isa = XCConfigurationList;
			buildConfigurations = (
				A5BBC55B214F6FAC00529B2B /* Debug */,
				A5BBC55C214F6FAC00529B2B /* Release */,
			);
			defaultConfigurationIsVisible = 0;
			defaultConfigurationName = Release;
		};
		A5BBC55D214F6FAC00529B2B /* Build configuration list for PBXNativeTarget "RealmTodo" */ = {
			isa = XCConfigurationList;
			buildConfigurations = (
				A5BBC55E214F6FAC00529B2B /* Debug */,
				A5BBC55F214F6FAC00529B2B /* Release */,
			);
			defaultConfigurationIsVisible = 0;
			defaultConfigurationName = Release;
		};
		A5BBC560214F6FAC00529B2B /* Build configuration list for PBXNativeTarget "RealmTodoTests" */ = {
			isa = XCConfigurationList;
			buildConfigurations = (
				A5BBC561214F6FAC00529B2B /* Debug */,
				A5BBC562214F6FAC00529B2B /* Release */,
			);
			defaultConfigurationIsVisible = 0;
			defaultConfigurationName = Release;
		};
		A5BBC563214F6FAC00529B2B /* Build configuration list for PBXNativeTarget "RealmTodoUITests" */ = {
			isa = XCConfigurationList;
			buildConfigurations = (
				A5BBC564214F6FAC00529B2B /* Debug */,
				A5BBC565214F6FAC00529B2B /* Release */,
			);
			defaultConfigurationIsVisible = 0;
			defaultConfigurationName = Release;
		};
/* End XCConfigurationList section */
	};
	rootObject = A5BBC52D214F6FA500529B2B /* Project object */;
}
